{
  "name": "CarbonFootprint",
  "version": "1.0.0",
  "lockfileVersion": 2,
  "requires": true,
  "packages": {
    "": {
      "version": "1.0.0",
      "license": "ISC",
      "dependencies": {
        "@geoapify/geocoder-autocomplete": "^1.4.1"
      }
    },
    "node_modules/@geoapify/geocoder-autocomplete": {
      "version": "1.4.1",
      "resolved": "https://registry.npmjs.org/@geoapify/geocoder-autocomplete/-/geocoder-autocomplete-1.4.1.tgz",
      "integrity": "sha512-acLxrBgf55jg25gvG3Oaq1maJgcbApfg5oSaGfVu588XYw/VmsTW3S8rQ+bzej/8zmbyhIjce6AV8fnfq4kzHw=="
    }
  },
  "dependencies": {
    "@geoapify/geocoder-autocomplete": {
      "version": "1.4.1",
      "resolved": "https://registry.npmjs.org/@geoapify/geocoder-autocomplete/-/geocoder-autocomplete-1.4.1.tgz",
      "integrity": "sha512-acLxrBgf55jg25gvG3Oaq1maJgcbApfg5oSaGfVu588XYw/VmsTW3S8rQ+bzej/8zmbyhIjce6AV8fnfq4kzHw=="
    }
  }
}
